
Microsoft Visual Studio Solution File, Format Version 12.00
# Visual Studio Version 17
VisualStudioVersion = 17.10.35122.118
MinimumVisualStudioVersion = 10.0.40219.1
Project("{FAE04EC0-301F-11D3-BF4B-00C04F79EFBC}") = "Rock paper scissors dotnet", "Rock paper scissors dotnet\Rock paper scissors dotnet.csproj", "{EEEC41E0-F769-46AD-8B81-B5F03C5954AD}"
EndProject
Global
	GlobalSection(SolutionConfigurationPlatforms) = preSolution
		Debug|Any CPU = Debug|Any CPU
		Release|Any CPU = Release|Any CPU
	EndGlobalSection
	GlobalSection(ProjectConfigurationPlatforms) = postSolution
		{EEEC41E0-F769-46AD-8B81-B5F03C5954AD}.Debug|Any CPU.ActiveCfg = Debug|Any CPU
		{EEEC41E0-F769-46AD-8B81-B5F03C5954AD}.Debug|Any CPU.Build.0 = Debug|Any CPU
		{EEEC41E0-F769-46AD-8B81-B5F03C5954AD}.Release|Any CPU.ActiveCfg = Release|Any CPU
		{EEEC41E0-F769-46AD-8B81-B5F03C5954AD}.Release|Any CPU.Build.0 = Release|Any CPU
	EndGlobalSection
	GlobalSection(SolutionProperties) = preSolution
		HideSolutionNode = FALSE
	EndGlobalSection
	GlobalSection(ExtensibilityGlobals) = postSolution
		SolutionGuid = {2DAE6390-D334-457E-9073-A22D72444F8B}
	EndGlobalSection
EndGlobal
